<?xml version="1.0" encoding="UTF-8" standalone="yes" ?>
<CodeBlocks_project_file>
	<FileVersion major="1" minor="6" />
	<Project>
		<Option title="direfal-010" />
		<Option pch_mode="2" />
		<Option compiler="gcc" />
		<Build>
			<Target title="Debug">
				<Option output="Debug\direfal-010" prefix_auto="1" extension_auto="1" />
				<Option object_output="obj\" />
				<Option type="1" />
				<Option compiler="gcc" />
				<Option parameters="-v -d f.ref 1 2 3" />
				<Compiler>
					<Add option="-O3" />
					<Add option="-Wall" />
					<Add option="-pg" />
					<Add option="-g" />
				</Compiler>
				<Linker>
					<Add option="-pg" />
				</Linker>
			</Target>
			<Target title="Release">
				<Option output="Release\direfal-010" prefix_auto="1" extension_auto="1" />
				<Option object_output="obj\" />
				<Option type="1" />
				<Option compiler="gcc" />
				<Option parameters="-v -d f.ref 1 2 3" />
				<Compiler>
					<Add option="-fexpensive-optimizations" />
					<Add option="-O3" />
				</Compiler>
				<Linker>
					<Add option="-s" />
				</Linker>
			</Target>
		</Build>
		<Compiler>
			<Add option="-Wall" />
			<Add option="-finline-functions" />
			<Add directory="\usr\include" />
			<Add directory="include" />
		</Compiler>
		<Linker>
			<Add option="-lexpat" />
			<Add directory="\usr\lib" />
			<Add directory="lib" />
		</Linker>
		<Unit filename="fn.ref" />
		<Unit filename="src\SAXLoaderHeap.cpp" />
		<Unit filename="src\SAXLoaderHeap.h" />
		<Unit filename="src\SAXLoader_expat.cpp" />
		<Unit filename="src\SAXLoader_expat.h" />
		<Unit filename="src\config.h" />
		<Unit filename="src\data.cpp" />
		<Unit filename="src\data.h" />
		<Unit filename="src\direfal.cpp" />
		<Unit filename="src\direfal.h" />
		<Unit filename="src\function.cpp" />
		<Unit filename="src\function.h" />
		<Unit filename="src\main.cpp" />
		<Unit filename="src\module_sdk.h" />
		<Unit filename="src\optimize.h" />
		<Unit filename="src\poolTuples.h" />
		<Unit filename="src\program.cpp" />
		<Unit filename="src\program.h" />
		<Unit filename="src\session.cpp" />
		<Unit filename="src\session.h" />
		<Unit filename="src\stringutils.h" />
		<Unit filename="src\symbols.cpp" />
		<Unit filename="src\symbols.h" />
		<Unit filename="src\system.cpp" />
		<Unit filename="src\system.h" />
		<Unit filename="src\variables.cpp" />
		<Unit filename="src\variables.h" />
		<Extensions>
			<code_completion />
			<envvars />
			<debugger />
			<lib_finder disable_auto="1" />
		</Extensions>
	</Project>
</CodeBlocks_project_file>
