
Microsoft Visual Studio Solution File, Format Version 10.00
# Visual C++ Express 2008
Project("{8BC9CEB8-8B4A-11D0-8D11-00A0C91BC942}") = "drefal5-array", "drefal5-array.vcproj", "{F70E5A28-2290-4F17-B5F9-CCD7DD836895}"
EndProject
Global
	GlobalSection(SolutionConfigurationPlatforms) = preSolution
		Debug|Win32 = Debug|Win32
		Release|Win32 = Release|Win32
	EndGlobalSection
	GlobalSection(ProjectConfigurationPlatforms) = postSolution
		{F70E5A28-2290-4F17-B5F9-CCD7DD836895}.Debug|Win32.ActiveCfg = Debug|Win32
		{F70E5A28-2290-4F17-B5F9-CCD7DD836895}.Debug|Win32.Build.0 = Debug|Win32
		{F70E5A28-2290-4F17-B5F9-CCD7DD836895}.Release|Win32.ActiveCfg = Release|Win32
		{F70E5A28-2290-4F17-B5F9-CCD7DD836895}.Release|Win32.Build.0 = Release|Win32
	EndGlobalSection
	GlobalSection(SolutionProperties) = preSolution
		HideSolutionNode = FALSE
	EndGlobalSection
EndGlobal
